// !$*UTF8*$!
{
	archiveVersion = 1;
	classes = {
	};
	objectVersion = 56;
	objects = {

/* Begin PBXBuildFile section */
		655273B52BFF3F99001D31CD /* ColorExtention.swift in Sources */ = {isa = PBXBuildFile; fileRef = 655273B42BFF3F99001D31CD /* ColorExtention.swift */; };
		655273B72BFF3FCE001D31CD /* ConfirmView.swift in Sources */ = {isa = PBXBuildFile; fileRef = 655273B62BFF3FCE001D31CD /* ConfirmView.swift */; };
		655273B92BFF3FF8001D31CD /* ConfirmViewModel.swift in Sources */ = {isa = PBXBuildFile; fileRef = 655273B82BFF3FF8001D31CD /* ConfirmViewModel.swift */; };
		65BB0DDE2BFCB2ED00527F81 /* DummyTestViewEmailVerification.swift in Sources */ = {isa = PBXBuildFile; fileRef = 65BB0DDD2BFCB2ED00527F81 /* DummyTestViewEmailVerification.swift */; };
		65BB0DE02BFCBB8300527F81 /* EmailVerificationViewModel.swift in Sources */ = {isa = PBXBuildFile; fileRef = 65BB0DDF2BFCBB8300527F81 /* EmailVerificationViewModel.swift */; };
		6F2E0E5B2C00865500D1FD96 /* MailView.swift in Sources */ = {isa = PBXBuildFile; fileRef = 6F2E0E5A2C00865500D1FD96 /* MailView.swift */; };
		6F2E0E5D2C00866300D1FD96 /* BookingView.swift in Sources */ = {isa = PBXBuildFile; fileRef = 6F2E0E5C2C00866300D1FD96 /* BookingView.swift */; };
		6F2E0E5F2C00868700D1FD96 /* PopupEmailView.swift in Sources */ = {isa = PBXBuildFile; fileRef = 6F2E0E5E2C00868700D1FD96 /* PopupEmailView.swift */; };
		6F2E0E612C0086A500D1FD96 /* Email.swift in Sources */ = {isa = PBXBuildFile; fileRef = 6F2E0E602C0086A500D1FD96 /* Email.swift */; };
		6F2E0E632C0086B400D1FD96 /* PopUpEmailViewModel.swift in Sources */ = {isa = PBXBuildFile; fileRef = 6F2E0E622C0086B400D1FD96 /* PopUpEmailViewModel.swift */; };
		6F2E0E652C0086E900D1FD96 /* BookingViewModel.swift in Sources */ = {isa = PBXBuildFile; fileRef = 6F2E0E642C0086E800D1FD96 /* BookingViewModel.swift */; };

		7C9B3A782BFDDD780067E10E /* FirebaseAuth in Frameworks */ = {isa = PBXBuildFile; productRef = 7C9B3A772BFDDD780067E10E /* FirebaseAuth */; };
		7C9B3A7A2BFDDD780067E10E /* FirebaseDatabase in Frameworks */ = {isa = PBXBuildFile; productRef = 7C9B3A792BFDDD780067E10E /* FirebaseDatabase */; };
		7C9B3A7C2BFDDD780067E10E /* FirebaseDatabaseSwift in Frameworks */ = {isa = PBXBuildFile; productRef = 7C9B3A7B2BFDDD780067E10E /* FirebaseDatabaseSwift */; };
		7C9B3A7E2BFDDD780067E10E /* FirebaseFirestore in Frameworks */ = {isa = PBXBuildFile; productRef = 7C9B3A7D2BFDDD780067E10E /* FirebaseFirestore */; };
		7C9B3A802BFDDD780067E10E /* FirebaseFirestoreSwift in Frameworks */ = {isa = PBXBuildFile; productRef = 7C9B3A7F2BFDDD780067E10E /* FirebaseFirestoreSwift */; };
		7C9B3A822BFDDD780067E10E /* FirebaseStorage in Frameworks */ = {isa = PBXBuildFile; productRef = 7C9B3A812BFDDD780067E10E /* FirebaseStorage */; };
		7C9B3A842BFDDD780067E10E /* FirebaseStorageCombine-Community in Frameworks */ = {isa = PBXBuildFile; productRef = 7C9B3A832BFDDD780067E10E /* FirebaseStorageCombine-Community */; };
		7C9B3A862BFDE2670067E10E /* ImagePicker.swift in Sources */ = {isa = PBXBuildFile; fileRef = 7C9B3A852BFDE2670067E10E /* ImagePicker.swift */; };
		7CFE6F6D2BE4D4DD009E6678 /* BookingAppApp.swift in Sources */ = {isa = PBXBuildFile; fileRef = 7CFE6F6C2BE4D4DD009E6678 /* BookingAppApp.swift */; };
		7CFE6F6F2BE4D4DD009E6678 /* ContentView.swift in Sources */ = {isa = PBXBuildFile; fileRef = 7CFE6F6E2BE4D4DD009E6678 /* ContentView.swift */; };
		7CFE6F712BE4D4E4009E6678 /* Assets.xcassets in Resources */ = {isa = PBXBuildFile; fileRef = 7CFE6F702BE4D4E4009E6678 /* Assets.xcassets */; };
		7CFE6F742BE4D4E4009E6678 /* Preview Assets.xcassets in Resources */ = {isa = PBXBuildFile; fileRef = 7CFE6F732BE4D4E4009E6678 /* Preview Assets.xcassets */; };
		7CFE6F7B2BEE727D009E6678 /* SignInView.swift in Sources */ = {isa = PBXBuildFile; fileRef = 7CFE6F7A2BEE727D009E6678 /* SignInView.swift */; };
		7CFE6F7D2BEE72C5009E6678 /* SignInViewModel.swift in Sources */ = {isa = PBXBuildFile; fileRef = 7CFE6F7C2BEE72C5009E6678 /* SignInViewModel.swift */; };
		7CFE6F7F2BEE7378009E6678 /* AuthService.swift in Sources */ = {isa = PBXBuildFile; fileRef = 7CFE6F7E2BEE7378009E6678 /* AuthService.swift */; };
		7CFE6F812BEE740A009E6678 /* ContentViewModel.swift in Sources */ = {isa = PBXBuildFile; fileRef = 7CFE6F802BEE740A009E6678 /* ContentViewModel.swift */; };
		7CFE6F832BEE75A5009E6678 /* ServicesView.swift in Sources */ = {isa = PBXBuildFile; fileRef = 7CFE6F822BEE75A5009E6678 /* ServicesView.swift */; };
		7CFE6F8A2BEE7AC6009E6678 /* StringExtention.swift in Sources */ = {isa = PBXBuildFile; fileRef = 7CFE6F892BEE7AC6009E6678 /* StringExtention.swift */; };
		7CFE6F8D2BF0F8E0009E6678 /* GoogleService-Info.plist in Resources */ = {isa = PBXBuildFile; fileRef = 7CFE6F8C2BF0F8E0009E6678 /* GoogleService-Info.plist */; };
		7CFE6F9A2BF0FAEC009E6678 /* AdminService.swift in Sources */ = {isa = PBXBuildFile; fileRef = 7CFE6F992BF0FAEC009E6678 /* AdminService.swift */; };
		7CFE6F9C2BF103D9009E6678 /* ServicesService.swift in Sources */ = {isa = PBXBuildFile; fileRef = 7CFE6F9B2BF103D9009E6678 /* ServicesService.swift */; };
		7CFE6F9E2BF10438009E6678 /* ProductService.swift in Sources */ = {isa = PBXBuildFile; fileRef = 7CFE6F9D2BF10438009E6678 /* ProductService.swift */; };
		7CFE6FA02BF10469009E6678 /* AppointmentService.swift in Sources */ = {isa = PBXBuildFile; fileRef = 7CFE6F9F2BF10469009E6678 /* AppointmentService.swift */; };
		7CFE6FA32BF112D9009E6678 /* Service.swift in Sources */ = {isa = PBXBuildFile; fileRef = 7CFE6FA22BF112D9009E6678 /* Service.swift */; };
		7CFE6FA52BF112E1009E6678 /* Product.swift in Sources */ = {isa = PBXBuildFile; fileRef = 7CFE6FA42BF112E1009E6678 /* Product.swift */; };
		7CFE6FA72BF112FE009E6678 /* Appointment.swift in Sources */ = {isa = PBXBuildFile; fileRef = 7CFE6FA62BF112FE009E6678 /* Appointment.swift */; };
		7CFE6FA92BF11698009E6678 /* ServicesViewModel.swift in Sources */ = {isa = PBXBuildFile; fileRef = 7CFE6FA82BF11698009E6678 /* ServicesViewModel.swift */; };
		7CFE6FAB2BF125B3009E6678 /* ProductsView.swift in Sources */ = {isa = PBXBuildFile; fileRef = 7CFE6FAA2BF125B3009E6678 /* ProductsView.swift */; };
		7CFE6FAD2BF125CD009E6678 /* ProductsViewModel.swift in Sources */ = {isa = PBXBuildFile; fileRef = 7CFE6FAC2BF125CD009E6678 /* ProductsViewModel.swift */; };
		7CFE6FAF2BF268B3009E6678 /* AdminViewModel.swift in Sources */ = {isa = PBXBuildFile; fileRef = 7CFE6FAE2BF268B3009E6678 /* AdminViewModel.swift */; };
		7CFE6FB22BF2694E009E6678 /* DateExtention.swift in Sources */ = {isa = PBXBuildFile; fileRef = 7CFE6FB12BF2694E009E6678 /* DateExtention.swift */; };
		7CFE6FB52BF26A11009E6678 /* CustomCalendarView.swift in Sources */ = {isa = PBXBuildFile; fileRef = 7CFE6FB42BF26A11009E6678 /* CustomCalendarView.swift */; };
		7CFE6FB72BF37446009E6678 /* AdminView.swift in Sources */ = {isa = PBXBuildFile; fileRef = 7CFE6FB62BF37446009E6678 /* AdminView.swift */; };
		DF79A6BE2C007A8600DAD07C /* BookingCompleteView.swift in Sources */ = {isa = PBXBuildFile; fileRef = DF79A6BD2C007A8600DAD07C /* BookingCompleteView.swift */; };
		DF79A6C02C007AD900DAD07C /* BookingCompleteViewModel.swift in Sources */ = {isa = PBXBuildFile; fileRef = DF79A6BF2C007AD900DAD07C /* BookingCompleteViewModel.swift */; };
		DF79A6C22C007AE300DAD07C /* congratulations.json in Resources */ = {isa = PBXBuildFile; fileRef = DF79A6C12C007AE200DAD07C /* congratulations.json */; };
		DF79A6C42C007AFA00DAD07C /* ColorExtention.swift in Sources */ = {isa = PBXBuildFile; fileRef = DF79A6C32C007AF900DAD07C /* ColorExtention.swift */; };
		DF79A6C62C007D8F00DAD07C /* AnimationView.swift in Sources */ = {isa = PBXBuildFile; fileRef = DF79A6C52C007D8F00DAD07C /* AnimationView.swift */; };
		DF79A6C92C007DDC00DAD07C /* Lottie in Frameworks */ = {isa = PBXBuildFile; productRef = DF79A6C82C007DDC00DAD07C /* Lottie */; };
		F15912942BFBFE96006BF780 /* SDWebImageSwiftUI in Frameworks */ = {isa = PBXBuildFile; productRef = F15912932BFBFE96006BF780 /* SDWebImageSwiftUI */; };
		F15912982BFC1274006BF780 /* UIView.swift in Sources */ = {isa = PBXBuildFile; fileRef = F15912972BFC1274006BF780 /* UIView.swift */; };
		F2A4678C2C00BE740029058E /* ConfirmView.swift in Sources */ = {isa = PBXBuildFile; fileRef = F2A4678B2C00BE740029058E /* ConfirmView.swift */; };
		F2A4678E2C00BF710029058E /* ConfirmViewModel.swift in Sources */ = {isa = PBXBuildFile; fileRef = F2A4678D2C00BF710029058E /* ConfirmViewModel.swift */; };
		F2A467902C00C7080029058E /* CalenderView.swift in Sources */ = {isa = PBXBuildFile; fileRef = F2A4678F2C00C7080029058E /* CalenderView.swift */; };
/* End PBXBuildFile section */

/* Begin PBXFileReference section */
		655273B42BFF3F99001D31CD /* ColorExtention.swift */ = {isa = PBXFileReference; fileEncoding = 4; lastKnownFileType = sourcecode.swift; path = ColorExtention.swift; sourceTree = "<group>"; };
		655273B62BFF3FCE001D31CD /* ConfirmView.swift */ = {isa = PBXFileReference; fileEncoding = 4; lastKnownFileType = sourcecode.swift; path = ConfirmView.swift; sourceTree = "<group>"; };
		655273B82BFF3FF8001D31CD /* ConfirmViewModel.swift */ = {isa = PBXFileReference; fileEncoding = 4; lastKnownFileType = sourcecode.swift; path = ConfirmViewModel.swift; sourceTree = "<group>"; };
		65BB0DDD2BFCB2ED00527F81 /* DummyTestViewEmailVerification.swift */ = {isa = PBXFileReference; lastKnownFileType = sourcecode.swift; path = DummyTestViewEmailVerification.swift; sourceTree = "<group>"; };
		65BB0DDF2BFCBB8300527F81 /* EmailVerificationViewModel.swift */ = {isa = PBXFileReference; lastKnownFileType = sourcecode.swift; path = EmailVerificationViewModel.swift; sourceTree = "<group>"; };
		6F2E0E5A2C00865500D1FD96 /* MailView.swift */ = {isa = PBXFileReference; fileEncoding = 4; lastKnownFileType = sourcecode.swift; path = MailView.swift; sourceTree = "<group>"; };
		6F2E0E5C2C00866300D1FD96 /* BookingView.swift */ = {isa = PBXFileReference; fileEncoding = 4; lastKnownFileType = sourcecode.swift; path = BookingView.swift; sourceTree = "<group>"; };
		6F2E0E5E2C00868700D1FD96 /* PopupEmailView.swift */ = {isa = PBXFileReference; fileEncoding = 4; lastKnownFileType = sourcecode.swift; path = PopupEmailView.swift; sourceTree = "<group>"; };
		6F2E0E602C0086A500D1FD96 /* Email.swift */ = {isa = PBXFileReference; fileEncoding = 4; lastKnownFileType = sourcecode.swift; path = Email.swift; sourceTree = "<group>"; };
		6F2E0E622C0086B400D1FD96 /* PopUpEmailViewModel.swift */ = {isa = PBXFileReference; fileEncoding = 4; lastKnownFileType = sourcecode.swift; path = PopUpEmailViewModel.swift; sourceTree = "<group>"; };
		6F2E0E642C0086E800D1FD96 /* BookingViewModel.swift */ = {isa = PBXFileReference; fileEncoding = 4; lastKnownFileType = sourcecode.swift; path = BookingViewModel.swift; sourceTree = "<group>"; };

		7C9B3A852BFDE2670067E10E /* ImagePicker.swift */ = {isa = PBXFileReference; lastKnownFileType = sourcecode.swift; path = ImagePicker.swift; sourceTree = "<group>"; };
		7CFE6F692BE4D4DD009E6678 /* BookingApp.app */ = {isa = PBXFileReference; explicitFileType = wrapper.application; includeInIndex = 0; path = BookingApp.app; sourceTree = BUILT_PRODUCTS_DIR; };
		7CFE6F6C2BE4D4DD009E6678 /* BookingAppApp.swift */ = {isa = PBXFileReference; lastKnownFileType = sourcecode.swift; path = BookingAppApp.swift; sourceTree = "<group>"; };
		7CFE6F6E2BE4D4DD009E6678 /* ContentView.swift */ = {isa = PBXFileReference; lastKnownFileType = sourcecode.swift; path = ContentView.swift; sourceTree = "<group>"; };
		7CFE6F702BE4D4E4009E6678 /* Assets.xcassets */ = {isa = PBXFileReference; lastKnownFileType = folder.assetcatalog; path = Assets.xcassets; sourceTree = "<group>"; };
		7CFE6F732BE4D4E4009E6678 /* Preview Assets.xcassets */ = {isa = PBXFileReference; lastKnownFileType = folder.assetcatalog; path = "Preview Assets.xcassets"; sourceTree = "<group>"; };
		7CFE6F7A2BEE727D009E6678 /* SignInView.swift */ = {isa = PBXFileReference; lastKnownFileType = sourcecode.swift; path = SignInView.swift; sourceTree = "<group>"; };
		7CFE6F7C2BEE72C5009E6678 /* SignInViewModel.swift */ = {isa = PBXFileReference; lastKnownFileType = sourcecode.swift; path = SignInViewModel.swift; sourceTree = "<group>"; };
		7CFE6F7E2BEE7378009E6678 /* AuthService.swift */ = {isa = PBXFileReference; fileEncoding = 4; lastKnownFileType = sourcecode.swift; path = AuthService.swift; sourceTree = "<group>"; };
		7CFE6F802BEE740A009E6678 /* ContentViewModel.swift */ = {isa = PBXFileReference; fileEncoding = 4; lastKnownFileType = sourcecode.swift; path = ContentViewModel.swift; sourceTree = "<group>"; };
		7CFE6F822BEE75A5009E6678 /* ServicesView.swift */ = {isa = PBXFileReference; lastKnownFileType = sourcecode.swift; path = ServicesView.swift; sourceTree = "<group>"; };
		7CFE6F892BEE7AC6009E6678 /* StringExtention.swift */ = {isa = PBXFileReference; fileEncoding = 4; lastKnownFileType = sourcecode.swift; path = StringExtention.swift; sourceTree = "<group>"; };
		7CFE6F8C2BF0F8E0009E6678 /* GoogleService-Info.plist */ = {isa = PBXFileReference; fileEncoding = 4; lastKnownFileType = text.plist.xml; path = "GoogleService-Info.plist"; sourceTree = "<group>"; };
		7CFE6F992BF0FAEC009E6678 /* AdminService.swift */ = {isa = PBXFileReference; fileEncoding = 4; lastKnownFileType = sourcecode.swift; path = AdminService.swift; sourceTree = "<group>"; };
		7CFE6F9B2BF103D9009E6678 /* ServicesService.swift */ = {isa = PBXFileReference; lastKnownFileType = sourcecode.swift; path = ServicesService.swift; sourceTree = "<group>"; };
		7CFE6F9D2BF10438009E6678 /* ProductService.swift */ = {isa = PBXFileReference; lastKnownFileType = sourcecode.swift; path = ProductService.swift; sourceTree = "<group>"; };
		7CFE6F9F2BF10469009E6678 /* AppointmentService.swift */ = {isa = PBXFileReference; lastKnownFileType = sourcecode.swift; path = AppointmentService.swift; sourceTree = "<group>"; };
		7CFE6FA22BF112D9009E6678 /* Service.swift */ = {isa = PBXFileReference; lastKnownFileType = sourcecode.swift; path = Service.swift; sourceTree = "<group>"; };
		7CFE6FA42BF112E1009E6678 /* Product.swift */ = {isa = PBXFileReference; lastKnownFileType = sourcecode.swift; path = Product.swift; sourceTree = "<group>"; };
		7CFE6FA62BF112FE009E6678 /* Appointment.swift */ = {isa = PBXFileReference; lastKnownFileType = sourcecode.swift; path = Appointment.swift; sourceTree = "<group>"; };
		7CFE6FA82BF11698009E6678 /* ServicesViewModel.swift */ = {isa = PBXFileReference; lastKnownFileType = sourcecode.swift; path = ServicesViewModel.swift; sourceTree = "<group>"; };
		7CFE6FAA2BF125B3009E6678 /* ProductsView.swift */ = {isa = PBXFileReference; lastKnownFileType = sourcecode.swift; path = ProductsView.swift; sourceTree = "<group>"; };
		7CFE6FAC2BF125CD009E6678 /* ProductsViewModel.swift */ = {isa = PBXFileReference; lastKnownFileType = sourcecode.swift; path = ProductsViewModel.swift; sourceTree = "<group>"; };
		7CFE6FAE2BF268B3009E6678 /* AdminViewModel.swift */ = {isa = PBXFileReference; lastKnownFileType = sourcecode.swift; path = AdminViewModel.swift; sourceTree = "<group>"; };
		7CFE6FB12BF2694E009E6678 /* DateExtention.swift */ = {isa = PBXFileReference; lastKnownFileType = sourcecode.swift; path = DateExtention.swift; sourceTree = "<group>"; };
		7CFE6FB42BF26A11009E6678 /* CustomCalendarView.swift */ = {isa = PBXFileReference; lastKnownFileType = sourcecode.swift; path = CustomCalendarView.swift; sourceTree = "<group>"; };
		7CFE6FB62BF37446009E6678 /* AdminView.swift */ = {isa = PBXFileReference; lastKnownFileType = sourcecode.swift; path = AdminView.swift; sourceTree = "<group>"; };
		DF79A6BD2C007A8600DAD07C /* BookingCompleteView.swift */ = {isa = PBXFileReference; fileEncoding = 4; lastKnownFileType = sourcecode.swift; path = BookingCompleteView.swift; sourceTree = "<group>"; };
		DF79A6BF2C007AD900DAD07C /* BookingCompleteViewModel.swift */ = {isa = PBXFileReference; fileEncoding = 4; lastKnownFileType = sourcecode.swift; path = BookingCompleteViewModel.swift; sourceTree = "<group>"; };
		DF79A6C12C007AE200DAD07C /* congratulations.json */ = {isa = PBXFileReference; fileEncoding = 4; lastKnownFileType = text.json; path = congratulations.json; sourceTree = "<group>"; };
		DF79A6C32C007AF900DAD07C /* ColorExtention.swift */ = {isa = PBXFileReference; fileEncoding = 4; lastKnownFileType = sourcecode.swift; path = ColorExtention.swift; sourceTree = "<group>"; };
		DF79A6C52C007D8F00DAD07C /* AnimationView.swift */ = {isa = PBXFileReference; fileEncoding = 4; lastKnownFileType = sourcecode.swift; path = AnimationView.swift; sourceTree = "<group>"; };
		F15912972BFC1274006BF780 /* UIView.swift */ = {isa = PBXFileReference; lastKnownFileType = sourcecode.swift; path = UIView.swift; sourceTree = "<group>"; };
		F2A4678B2C00BE740029058E /* ConfirmView.swift */ = {isa = PBXFileReference; fileEncoding = 4; lastKnownFileType = sourcecode.swift; path = ConfirmView.swift; sourceTree = "<group>"; };
		F2A4678D2C00BF710029058E /* ConfirmViewModel.swift */ = {isa = PBXFileReference; fileEncoding = 4; lastKnownFileType = sourcecode.swift; path = ConfirmViewModel.swift; sourceTree = "<group>"; };
		F2A4678F2C00C7080029058E /* CalenderView.swift */ = {isa = PBXFileReference; fileEncoding = 4; lastKnownFileType = sourcecode.swift; path = CalenderView.swift; sourceTree = "<group>"; };
/* End PBXFileReference section */

/* Begin PBXFrameworksBuildPhase section */
		7CFE6F662BE4D4DD009E6678 /* Frameworks */ = {
			isa = PBXFrameworksBuildPhase;
			buildActionMask = 2147483647;
			files = (
				7C9B3A7C2BFDDD780067E10E /* FirebaseDatabaseSwift in Frameworks */,
				7C9B3A7A2BFDDD780067E10E /* FirebaseDatabase in Frameworks */,
				DF79A6C92C007DDC00DAD07C /* Lottie in Frameworks */,
				7C9B3A842BFDDD780067E10E /* FirebaseStorageCombine-Community in Frameworks */,
				F15912942BFBFE96006BF780 /* SDWebImageSwiftUI in Frameworks */,
				7C9B3A7E2BFDDD780067E10E /* FirebaseFirestore in Frameworks */,
				7C9B3A822BFDDD780067E10E /* FirebaseStorage in Frameworks */,
				7C9B3A782BFDDD780067E10E /* FirebaseAuth in Frameworks */,
				7C9B3A802BFDDD780067E10E /* FirebaseFirestoreSwift in Frameworks */,
			);
			runOnlyForDeploymentPostprocessing = 0;
		};
/* End PBXFrameworksBuildPhase section */

/* Begin PBXGroup section */
		7CFE6F602BE4D4DD009E6678 = {
			isa = PBXGroup;
			children = (
				7CFE6F6B2BE4D4DD009E6678 /* BookingApp */,
				7CFE6F6A2BE4D4DD009E6678 /* Products */,
			);
			sourceTree = "<group>";
		};
		7CFE6F6A2BE4D4DD009E6678 /* Products */ = {
			isa = PBXGroup;
			children = (
				7CFE6F692BE4D4DD009E6678 /* BookingApp.app */,
			);
			name = Products;
			sourceTree = "<group>";
		};
		7CFE6F6B2BE4D4DD009E6678 /* BookingApp */ = {
			isa = PBXGroup;
			children = (
				DF79A6C12C007AE200DAD07C /* congratulations.json */,
				7CFE6F6C2BE4D4DD009E6678 /* BookingAppApp.swift */,
				7CFE6F8C2BF0F8E0009E6678 /* GoogleService-Info.plist */,
				7CFE6FA12BF112CE009E6678 /* Models */,
				7CFE6F862BEE7A21009E6678 /* ViewModels */,
				7CFE6F872BEE7A35009E6678 /* Views */,
				7CFE6F882BEE7A51009E6678 /* Services */,
				7CFE6F8B2BEE7ACE009E6678 /* Extentions */,
				7CFE6F702BE4D4E4009E6678 /* Assets.xcassets */,
				7CFE6F722BE4D4E4009E6678 /* Preview Content */,
			);
			path = BookingApp;
			sourceTree = "<group>";
		};
		7CFE6F722BE4D4E4009E6678 /* Preview Content */ = {
			isa = PBXGroup;
			children = (
				7CFE6F732BE4D4E4009E6678 /* Preview Assets.xcassets */,
			);
			path = "Preview Content";
			sourceTree = "<group>";
		};
		7CFE6F862BEE7A21009E6678 /* ViewModels */ = {
			isa = PBXGroup;
			children = (

				F2A4678D2C00BF710029058E /* ConfirmViewModel.swift */,
				6F2E0E642C0086E800D1FD96 /* BookingViewModel.swift */,
				6F2E0E622C0086B400D1FD96 /* PopUpEmailViewModel.swift */,
				7CFE6F802BEE740A009E6678 /* ContentViewModel.swift */,
				7CFE6FAC2BF125CD009E6678 /* ProductsViewModel.swift */,
				7CFE6F7C2BEE72C5009E6678 /* SignInViewModel.swift */,
				7CFE6FA82BF11698009E6678 /* ServicesViewModel.swift */,
				7CFE6FAE2BF268B3009E6678 /* AdminViewModel.swift */,
				655273B82BFF3FF8001D31CD /* ConfirmViewModel.swift */,
				DF79A6BF2C007AD900DAD07C /* BookingCompleteViewModel.swift */,
				65BB0DDF2BFCBB8300527F81 /* EmailVerificationViewModel.swift */,
			);
			path = ViewModels;
			sourceTree = "<group>";
		};
		7CFE6F872BEE7A35009E6678 /* Views */ = {
			isa = PBXGroup;
			children = (
				34D2E8582BFF49B200937E75 /* ConfirmView.swift */,
				7CFE6FB32BF269D9009E6678 /* CustomViews */,
				7CFE6F6E2BE4D4DD009E6678 /* ContentView.swift */,
				F2A4678F2C00C7080029058E /* CalenderView.swift */,
				F2A4678B2C00BE740029058E /* ConfirmView.swift */,
				6F2E0E5C2C00866300D1FD96 /* BookingView.swift */,
				DF79A6C52C007D8F00DAD07C /* AnimationView.swift */,
				7CFE6F7A2BEE727D009E6678 /* SignInView.swift */,
				7CFE6F822BEE75A5009E6678 /* ServicesView.swift */,
				6F2E0E5E2C00868700D1FD96 /* PopupEmailView.swift */,
				7CFE6FAA2BF125B3009E6678 /* ProductsView.swift */,
				DF79A6BD2C007A8600DAD07C /* BookingCompleteView.swift */,
				7CFE6FB62BF37446009E6678 /* AdminView.swift */,
				655273B62BFF3FCE001D31CD /* ConfirmView.swift */,
				65BB0DDD2BFCB2ED00527F81 /* DummyTestViewEmailVerification.swift */,
			);
			path = Views;
			sourceTree = "<group>";
		};
		7CFE6F882BEE7A51009E6678 /* Services */ = {
			isa = PBXGroup;
			children = (
				7CFE6F7E2BEE7378009E6678 /* AuthService.swift */,
				7CFE6F992BF0FAEC009E6678 /* AdminService.swift */,
				7CFE6F9B2BF103D9009E6678 /* ServicesService.swift */,
				7CFE6F9D2BF10438009E6678 /* ProductService.swift */,
				7CFE6F9F2BF10469009E6678 /* AppointmentService.swift */,
			);
			path = Services;
			sourceTree = "<group>";
		};
		7CFE6F8B2BEE7ACE009E6678 /* Extentions */ = {
			isa = PBXGroup;
			children = (
				655273B42BFF3F99001D31CD /* ColorExtention.swift */,
				7CFE6F892BEE7AC6009E6678 /* StringExtention.swift */,
				7CFE6FB12BF2694E009E6678 /* DateExtention.swift */,
				F15912972BFC1274006BF780 /* UIView.swift */,
			);
			path = Extentions;
			sourceTree = "<group>";
		};
		7CFE6FA12BF112CE009E6678 /* Models */ = {
			isa = PBXGroup;
			children = (
				6F2E0E602C0086A500D1FD96 /* Email.swift */,
				7CFE6FA22BF112D9009E6678 /* Service.swift */,
				7CFE6FA42BF112E1009E6678 /* Product.swift */,
				7CFE6FA62BF112FE009E6678 /* Appointment.swift */,
			);
			path = Models;
			sourceTree = "<group>";
		};
		7CFE6FB32BF269D9009E6678 /* CustomViews */ = {
			isa = PBXGroup;
			children = (
				6F2E0E5A2C00865500D1FD96 /* MailView.swift */,
				7CFE6FB42BF26A11009E6678 /* CustomCalendarView.swift */,
				7C9B3A852BFDE2670067E10E /* ImagePicker.swift */,
			);
			path = CustomViews;
			sourceTree = "<group>";
		};
/* End PBXGroup section */

/* Begin PBXNativeTarget section */
		7CFE6F682BE4D4DD009E6678 /* BookingApp */ = {
			isa = PBXNativeTarget;
			buildConfigurationList = 7CFE6F772BE4D4E4009E6678 /* Build configuration list for PBXNativeTarget "BookingApp" */;
			buildPhases = (
				7CFE6F652BE4D4DD009E6678 /* Sources */,
				7CFE6F662BE4D4DD009E6678 /* Frameworks */,
				7CFE6F672BE4D4DD009E6678 /* Resources */,
			);
			buildRules = (
			);
			dependencies = (
			);
			name = BookingApp;
			packageProductDependencies = (
				F15912932BFBFE96006BF780 /* SDWebImageSwiftUI */,
				7C9B3A772BFDDD780067E10E /* FirebaseAuth */,
				7C9B3A792BFDDD780067E10E /* FirebaseDatabase */,
				7C9B3A7B2BFDDD780067E10E /* FirebaseDatabaseSwift */,
				7C9B3A7D2BFDDD780067E10E /* FirebaseFirestore */,
				7C9B3A7F2BFDDD780067E10E /* FirebaseFirestoreSwift */,
				7C9B3A812BFDDD780067E10E /* FirebaseStorage */,
				7C9B3A832BFDDD780067E10E /* FirebaseStorageCombine-Community */,
				DF79A6C82C007DDC00DAD07C /* Lottie */,
			);
			productName = BookingApp;
			productReference = 7CFE6F692BE4D4DD009E6678 /* BookingApp.app */;
			productType = "com.apple.product-type.application";
		};
/* End PBXNativeTarget section */

/* Begin PBXProject section */
		7CFE6F612BE4D4DD009E6678 /* Project object */ = {
			isa = PBXProject;
			attributes = {
				BuildIndependentTargetsInParallel = 1;
				LastSwiftUpdateCheck = 1530;
				LastUpgradeCheck = 1530;
				TargetAttributes = {
					7CFE6F682BE4D4DD009E6678 = {
						CreatedOnToolsVersion = 15.3;
					};
				};
			};
			buildConfigurationList = 7CFE6F642BE4D4DD009E6678 /* Build configuration list for PBXProject "BookingApp" */;
			compatibilityVersion = "Xcode 14.0";
			developmentRegion = en;
			hasScannedForEncodings = 0;
			knownRegions = (
				en,
				Base,
			);
			mainGroup = 7CFE6F602BE4D4DD009E6678;
			packageReferences = (
				F15912922BFBFE96006BF780 /* XCRemoteSwiftPackageReference "SDWebImageSwiftUI" */,
				7C9B3A762BFDDD780067E10E /* XCRemoteSwiftPackageReference "firebase-ios-sdk" */,
				DF79A6C72C007DDC00DAD07C /* XCRemoteSwiftPackageReference "lottie-ios" */,
			);
			productRefGroup = 7CFE6F6A2BE4D4DD009E6678 /* Products */;
			projectDirPath = "";
			projectRoot = "";
			targets = (
				7CFE6F682BE4D4DD009E6678 /* BookingApp */,
			);
		};
/* End PBXProject section */

/* Begin PBXResourcesBuildPhase section */
		7CFE6F672BE4D4DD009E6678 /* Resources */ = {
			isa = PBXResourcesBuildPhase;
			buildActionMask = 2147483647;
			files = (
				7CFE6F742BE4D4E4009E6678 /* Preview Assets.xcassets in Resources */,
				DF79A6C22C007AE300DAD07C /* congratulations.json in Resources */,
				7CFE6F712BE4D4E4009E6678 /* Assets.xcassets in Resources */,
				7CFE6F8D2BF0F8E0009E6678 /* GoogleService-Info.plist in Resources */,
			);
			runOnlyForDeploymentPostprocessing = 0;
		};
/* End PBXResourcesBuildPhase section */

/* Begin PBXSourcesBuildPhase section */
		7CFE6F652BE4D4DD009E6678 /* Sources */ = {
			isa = PBXSourcesBuildPhase;
			buildActionMask = 2147483647;
			files = (
				7CFE6F7D2BEE72C5009E6678 /* SignInViewModel.swift in Sources */,
				7CFE6FA32BF112D9009E6678 /* Service.swift in Sources */,
				F2A4678C2C00BE740029058E /* ConfirmView.swift in Sources */,
				7CFE6FA52BF112E1009E6678 /* Product.swift in Sources */,
				7CFE6F8A2BEE7AC6009E6678 /* StringExtention.swift in Sources */,
				65BB0DE02BFCBB8300527F81 /* EmailVerificationViewModel.swift in Sources */,
				7CFE6F6F2BE4D4DD009E6678 /* ContentView.swift in Sources */,
				6F2E0E652C0086E900D1FD96 /* BookingViewModel.swift in Sources */,
				7CFE6F9C2BF103D9009E6678 /* ServicesService.swift in Sources */,
				65BB0DDE2BFCB2ED00527F81 /* DummyTestViewEmailVerification.swift in Sources */,
				7CFE6F812BEE740A009E6678 /* ContentViewModel.swift in Sources */,
				655273B52BFF3F99001D31CD /* ColorExtention.swift in Sources */,
				7CFE6F9E2BF10438009E6678 /* ProductService.swift in Sources */,
				7CFE6FAB2BF125B3009E6678 /* ProductsView.swift in Sources */,
				F2A4678E2C00BF710029058E /* ConfirmViewModel.swift in Sources */,
				7CFE6FB72BF37446009E6678 /* AdminView.swift in Sources */,
				7CFE6FA02BF10469009E6678 /* AppointmentService.swift in Sources */,
				7CFE6F7F2BEE7378009E6678 /* AuthService.swift in Sources */,
				F2A467902C00C7080029058E /* CalenderView.swift in Sources */,
				7CFE6FB52BF26A11009E6678 /* CustomCalendarView.swift in Sources */,
				655273B92BFF3FF8001D31CD /* ConfirmViewModel.swift in Sources */,
				DF79A6C02C007AD900DAD07C /* BookingCompleteViewModel.swift in Sources */,
				7CFE6F7B2BEE727D009E6678 /* SignInView.swift in Sources */,
				655273B72BFF3FCE001D31CD /* ConfirmView.swift in Sources */,

				6F2E0E5D2C00866300D1FD96 /* BookingView.swift in Sources */,

				7CFE6FAD2BF125CD009E6678 /* ProductsViewModel.swift in Sources */,
				F15912982BFC1274006BF780 /* UIView.swift in Sources */,
				7CFE6FA92BF11698009E6678 /* ServicesViewModel.swift in Sources */,
				DF79A6C62C007D8F00DAD07C /* AnimationView.swift in Sources */,
				7CFE6FA72BF112FE009E6678 /* Appointment.swift in Sources */,
				6F2E0E632C0086B400D1FD96 /* PopUpEmailViewModel.swift in Sources */,
				6F2E0E5F2C00868700D1FD96 /* PopupEmailView.swift in Sources */,
				7CFE6FAF2BF268B3009E6678 /* AdminViewModel.swift in Sources */,
				7CFE6F9A2BF0FAEC009E6678 /* AdminService.swift in Sources */,
				7CFE6FB22BF2694E009E6678 /* DateExtention.swift in Sources */,
				DF79A6BE2C007A8600DAD07C /* BookingCompleteView.swift in Sources */,
				7C9B3A862BFDE2670067E10E /* ImagePicker.swift in Sources */,
				6F2E0E612C0086A500D1FD96 /* Email.swift in Sources */,
				7CFE6F6D2BE4D4DD009E6678 /* BookingAppApp.swift in Sources */,
				6F2E0E5B2C00865500D1FD96 /* MailView.swift in Sources */,
				7CFE6F832BEE75A5009E6678 /* ServicesView.swift in Sources */,
			);
			runOnlyForDeploymentPostprocessing = 0;
		};
/* End PBXSourcesBuildPhase section */

/* Begin XCBuildConfiguration section */
		7CFE6F752BE4D4E4009E6678 /* Debug */ = {
			isa = XCBuildConfiguration;
			buildSettings = {
				ALWAYS_SEARCH_USER_PATHS = NO;
				ASSETCATALOG_COMPILER_GENERATE_SWIFT_ASSET_SYMBOL_EXTENSIONS = YES;
				CLANG_ANALYZER_NONNULL = YES;
				CLANG_ANALYZER_NUMBER_OBJECT_CONVERSION = YES_AGGRESSIVE;
				CLANG_CXX_LANGUAGE_STANDARD = "gnu++20";
				CLANG_ENABLE_MODULES = YES;
				CLANG_ENABLE_OBJC_ARC = YES;
				CLANG_ENABLE_OBJC_WEAK = YES;
				CLANG_WARN_BLOCK_CAPTURE_AUTORELEASING = YES;
				CLANG_WARN_BOOL_CONVERSION = YES;
				CLANG_WARN_COMMA = YES;
				CLANG_WARN_CONSTANT_CONVERSION = YES;
				CLANG_WARN_DEPRECATED_OBJC_IMPLEMENTATIONS = YES;
				CLANG_WARN_DIRECT_OBJC_ISA_USAGE = YES_ERROR;
				CLANG_WARN_DOCUMENTATION_COMMENTS = YES;
				CLANG_WARN_EMPTY_BODY = YES;
				CLANG_WARN_ENUM_CONVERSION = YES;
				CLANG_WARN_INFINITE_RECURSION = YES;
				CLANG_WARN_INT_CONVERSION = YES;
				CLANG_WARN_NON_LITERAL_NULL_CONVERSION = YES;
				CLANG_WARN_OBJC_IMPLICIT_RETAIN_SELF = YES;
				CLANG_WARN_OBJC_LITERAL_CONVERSION = YES;
				CLANG_WARN_OBJC_ROOT_CLASS = YES_ERROR;
				CLANG_WARN_QUOTED_INCLUDE_IN_FRAMEWORK_HEADER = YES;
				CLANG_WARN_RANGE_LOOP_ANALYSIS = YES;
				CLANG_WARN_STRICT_PROTOTYPES = YES;
				CLANG_WARN_SUSPICIOUS_MOVE = YES;
				CLANG_WARN_UNGUARDED_AVAILABILITY = YES_AGGRESSIVE;
				CLANG_WARN_UNREACHABLE_CODE = YES;
				CLANG_WARN__DUPLICATE_METHOD_MATCH = YES;
				COPY_PHASE_STRIP = NO;
				DEBUG_INFORMATION_FORMAT = dwarf;
				ENABLE_STRICT_OBJC_MSGSEND = YES;
				ENABLE_TESTABILITY = YES;
				ENABLE_USER_SCRIPT_SANDBOXING = YES;
				GCC_C_LANGUAGE_STANDARD = gnu17;
				GCC_DYNAMIC_NO_PIC = NO;
				GCC_NO_COMMON_BLOCKS = YES;
				GCC_OPTIMIZATION_LEVEL = 0;
				GCC_PREPROCESSOR_DEFINITIONS = (
					"DEBUG=1",
					"$(inherited)",
				);
				GCC_WARN_64_TO_32_BIT_CONVERSION = YES;
				GCC_WARN_ABOUT_RETURN_TYPE = YES_ERROR;
				GCC_WARN_UNDECLARED_SELECTOR = YES;
				GCC_WARN_UNINITIALIZED_AUTOS = YES_AGGRESSIVE;
				GCC_WARN_UNUSED_FUNCTION = YES;
				GCC_WARN_UNUSED_VARIABLE = YES;
				IPHONEOS_DEPLOYMENT_TARGET = 17.0;
				LOCALIZATION_PREFERS_STRING_CATALOGS = YES;
				MTL_ENABLE_DEBUG_INFO = INCLUDE_SOURCE;
				MTL_FAST_MATH = YES;
				ONLY_ACTIVE_ARCH = YES;
				SDKROOT = iphoneos;
				SWIFT_ACTIVE_COMPILATION_CONDITIONS = "DEBUG $(inherited)";
				SWIFT_OPTIMIZATION_LEVEL = "-Onone";
			};
			name = Debug;
		};
		7CFE6F762BE4D4E4009E6678 /* Release */ = {
			isa = XCBuildConfiguration;
			buildSettings = {
				ALWAYS_SEARCH_USER_PATHS = NO;
				ASSETCATALOG_COMPILER_GENERATE_SWIFT_ASSET_SYMBOL_EXTENSIONS = YES;
				CLANG_ANALYZER_NONNULL = YES;
				CLANG_ANALYZER_NUMBER_OBJECT_CONVERSION = YES_AGGRESSIVE;
				CLANG_CXX_LANGUAGE_STANDARD = "gnu++20";
				CLANG_ENABLE_MODULES = YES;
				CLANG_ENABLE_OBJC_ARC = YES;
				CLANG_ENABLE_OBJC_WEAK = YES;
				CLANG_WARN_BLOCK_CAPTURE_AUTORELEASING = YES;
				CLANG_WARN_BOOL_CONVERSION = YES;
				CLANG_WARN_COMMA = YES;
				CLANG_WARN_CONSTANT_CONVERSION = YES;
				CLANG_WARN_DEPRECATED_OBJC_IMPLEMENTATIONS = YES;
				CLANG_WARN_DIRECT_OBJC_ISA_USAGE = YES_ERROR;
				CLANG_WARN_DOCUMENTATION_COMMENTS = YES;
				CLANG_WARN_EMPTY_BODY = YES;
				CLANG_WARN_ENUM_CONVERSION = YES;
				CLANG_WARN_INFINITE_RECURSION = YES;
				CLANG_WARN_INT_CONVERSION = YES;
				CLANG_WARN_NON_LITERAL_NULL_CONVERSION = YES;
				CLANG_WARN_OBJC_IMPLICIT_RETAIN_SELF = YES;
				CLANG_WARN_OBJC_LITERAL_CONVERSION = YES;
				CLANG_WARN_OBJC_ROOT_CLASS = YES_ERROR;
				CLANG_WARN_QUOTED_INCLUDE_IN_FRAMEWORK_HEADER = YES;
				CLANG_WARN_RANGE_LOOP_ANALYSIS = YES;
				CLANG_WARN_STRICT_PROTOTYPES = YES;
				CLANG_WARN_SUSPICIOUS_MOVE = YES;
				CLANG_WARN_UNGUARDED_AVAILABILITY = YES_AGGRESSIVE;
				CLANG_WARN_UNREACHABLE_CODE = YES;
				CLANG_WARN__DUPLICATE_METHOD_MATCH = YES;
				COPY_PHASE_STRIP = NO;
				DEBUG_INFORMATION_FORMAT = "dwarf-with-dsym";
				ENABLE_NS_ASSERTIONS = NO;
				ENABLE_STRICT_OBJC_MSGSEND = YES;
				ENABLE_USER_SCRIPT_SANDBOXING = YES;
				GCC_C_LANGUAGE_STANDARD = gnu17;
				GCC_NO_COMMON_BLOCKS = YES;
				GCC_WARN_64_TO_32_BIT_CONVERSION = YES;
				GCC_WARN_ABOUT_RETURN_TYPE = YES_ERROR;
				GCC_WARN_UNDECLARED_SELECTOR = YES;
				GCC_WARN_UNINITIALIZED_AUTOS = YES_AGGRESSIVE;
				GCC_WARN_UNUSED_FUNCTION = YES;
				GCC_WARN_UNUSED_VARIABLE = YES;
				IPHONEOS_DEPLOYMENT_TARGET = 17.0;
				LOCALIZATION_PREFERS_STRING_CATALOGS = YES;
				MTL_ENABLE_DEBUG_INFO = NO;
				MTL_FAST_MATH = YES;
				SDKROOT = iphoneos;
				SWIFT_COMPILATION_MODE = wholemodule;
				VALIDATE_PRODUCT = YES;
			};
			name = Release;
		};
		7CFE6F782BE4D4E4009E6678 /* Debug */ = {
			isa = XCBuildConfiguration;
			buildSettings = {
				ASSETCATALOG_COMPILER_APPICON_NAME = AppIcon;
				ASSETCATALOG_COMPILER_GLOBAL_ACCENT_COLOR_NAME = AccentColor;
				CODE_SIGN_STYLE = Automatic;
				CURRENT_PROJECT_VERSION = 1;
				DEVELOPMENT_ASSET_PATHS = "\"BookingApp/Preview Content\"";
				DEVELOPMENT_TEAM = NKTZ3JHKVT;
				ENABLE_PREVIEWS = YES;
				GENERATE_INFOPLIST_FILE = YES;
				INFOPLIST_KEY_UIApplicationSceneManifest_Generation = YES;
				INFOPLIST_KEY_UIApplicationSupportsIndirectInputEvents = YES;
				INFOPLIST_KEY_UILaunchScreen_Generation = YES;
				INFOPLIST_KEY_UISupportedInterfaceOrientations_iPad = "UIInterfaceOrientationPortrait UIInterfaceOrientationPortraitUpsideDown UIInterfaceOrientationLandscapeLeft UIInterfaceOrientationLandscapeRight";
				INFOPLIST_KEY_UISupportedInterfaceOrientations_iPhone = "UIInterfaceOrientationPortrait UIInterfaceOrientationLandscapeLeft UIInterfaceOrientationLandscapeRight";
				IPHONEOS_DEPLOYMENT_TARGET = 17;
				LD_RUNPATH_SEARCH_PATHS = (
					"$(inherited)",
					"@executable_path/Frameworks",
				);
				MARKETING_VERSION = 1.0;
				PRODUCT_BUNDLE_IDENTIFIER = programet.e.gentit.BookingApp;
				PRODUCT_NAME = "$(TARGET_NAME)";
				SWIFT_EMIT_LOC_STRINGS = YES;
				SWIFT_VERSION = 5.0;
				TARGETED_DEVICE_FAMILY = "1,2";
			};
			name = Debug;
		};
		7CFE6F792BE4D4E4009E6678 /* Release */ = {
			isa = XCBuildConfiguration;
			buildSettings = {
				ASSETCATALOG_COMPILER_APPICON_NAME = AppIcon;
				ASSETCATALOG_COMPILER_GLOBAL_ACCENT_COLOR_NAME = AccentColor;
				CODE_SIGN_STYLE = Automatic;
				CURRENT_PROJECT_VERSION = 1;
				DEVELOPMENT_ASSET_PATHS = "\"BookingApp/Preview Content\"";
				DEVELOPMENT_TEAM = NKTZ3JHKVT;
				ENABLE_PREVIEWS = YES;
				GENERATE_INFOPLIST_FILE = YES;
				INFOPLIST_KEY_UIApplicationSceneManifest_Generation = YES;
				INFOPLIST_KEY_UIApplicationSupportsIndirectInputEvents = YES;
				INFOPLIST_KEY_UILaunchScreen_Generation = YES;
				INFOPLIST_KEY_UISupportedInterfaceOrientations_iPad = "UIInterfaceOrientationPortrait UIInterfaceOrientationPortraitUpsideDown UIInterfaceOrientationLandscapeLeft UIInterfaceOrientationLandscapeRight";
				INFOPLIST_KEY_UISupportedInterfaceOrientations_iPhone = "UIInterfaceOrientationPortrait UIInterfaceOrientationLandscapeLeft UIInterfaceOrientationLandscapeRight";
				IPHONEOS_DEPLOYMENT_TARGET = 17;
				LD_RUNPATH_SEARCH_PATHS = (
					"$(inherited)",
					"@executable_path/Frameworks",
				);
				MARKETING_VERSION = 1.0;
				PRODUCT_BUNDLE_IDENTIFIER = programet.e.gentit.BookingApp;
				PRODUCT_NAME = "$(TARGET_NAME)";
				SWIFT_EMIT_LOC_STRINGS = YES;
				SWIFT_VERSION = 5.0;
				TARGETED_DEVICE_FAMILY = "1,2";
			};
			name = Release;
		};
/* End XCBuildConfiguration section */

/* Begin XCConfigurationList section */
		7CFE6F642BE4D4DD009E6678 /* Build configuration list for PBXProject "BookingApp" */ = {
			isa = XCConfigurationList;
			buildConfigurations = (
				7CFE6F752BE4D4E4009E6678 /* Debug */,
				7CFE6F762BE4D4E4009E6678 /* Release */,
			);
			defaultConfigurationIsVisible = 0;
			defaultConfigurationName = Release;
		};
		7CFE6F772BE4D4E4009E6678 /* Build configuration list for PBXNativeTarget "BookingApp" */ = {
			isa = XCConfigurationList;
			buildConfigurations = (
				7CFE6F782BE4D4E4009E6678 /* Debug */,
				7CFE6F792BE4D4E4009E6678 /* Release */,
			);
			defaultConfigurationIsVisible = 0;
			defaultConfigurationName = Release;
		};
/* End XCConfigurationList section */

/* Begin XCRemoteSwiftPackageReference section */
		7C9B3A762BFDDD780067E10E /* XCRemoteSwiftPackageReference "firebase-ios-sdk" */ = {
			isa = XCRemoteSwiftPackageReference;
			repositoryURL = "https://github.com/firebase/firebase-ios-sdk";
			requirement = {
				kind = upToNextMajorVersion;
				minimumVersion = 10.26.0;
			};
		};
		DF79A6C72C007DDC00DAD07C /* XCRemoteSwiftPackageReference "lottie-ios" */ = {
			isa = XCRemoteSwiftPackageReference;
			repositoryURL = "https://github.com/airbnb/lottie-ios";
			requirement = {
				kind = upToNextMajorVersion;
				minimumVersion = 4.4.3;
			};
		};
		F15912922BFBFE96006BF780 /* XCRemoteSwiftPackageReference "SDWebImageSwiftUI" */ = {
			isa = XCRemoteSwiftPackageReference;
			repositoryURL = "https://github.com/SDWebImage/SDWebImageSwiftUI";
			requirement = {
				kind = upToNextMajorVersion;
				minimumVersion = 3.0.4;
			};
		};
/* End XCRemoteSwiftPackageReference section */

/* Begin XCSwiftPackageProductDependency section */
		7C9B3A772BFDDD780067E10E /* FirebaseAuth */ = {
			isa = XCSwiftPackageProductDependency;
			package = 7C9B3A762BFDDD780067E10E /* XCRemoteSwiftPackageReference "firebase-ios-sdk" */;
			productName = FirebaseAuth;
		};
		7C9B3A792BFDDD780067E10E /* FirebaseDatabase */ = {
			isa = XCSwiftPackageProductDependency;
			package = 7C9B3A762BFDDD780067E10E /* XCRemoteSwiftPackageReference "firebase-ios-sdk" */;
			productName = FirebaseDatabase;
		};
		7C9B3A7B2BFDDD780067E10E /* FirebaseDatabaseSwift */ = {
			isa = XCSwiftPackageProductDependency;
			package = 7C9B3A762BFDDD780067E10E /* XCRemoteSwiftPackageReference "firebase-ios-sdk" */;
			productName = FirebaseDatabaseSwift;
		};
		7C9B3A7D2BFDDD780067E10E /* FirebaseFirestore */ = {
			isa = XCSwiftPackageProductDependency;
			package = 7C9B3A762BFDDD780067E10E /* XCRemoteSwiftPackageReference "firebase-ios-sdk" */;
			productName = FirebaseFirestore;
		};
		7C9B3A7F2BFDDD780067E10E /* FirebaseFirestoreSwift */ = {
			isa = XCSwiftPackageProductDependency;
			package = 7C9B3A762BFDDD780067E10E /* XCRemoteSwiftPackageReference "firebase-ios-sdk" */;
			productName = FirebaseFirestoreSwift;
		};
		7C9B3A812BFDDD780067E10E /* FirebaseStorage */ = {
			isa = XCSwiftPackageProductDependency;
			package = 7C9B3A762BFDDD780067E10E /* XCRemoteSwiftPackageReference "firebase-ios-sdk" */;
			productName = FirebaseStorage;
		};
		7C9B3A832BFDDD780067E10E /* FirebaseStorageCombine-Community */ = {
			isa = XCSwiftPackageProductDependency;
			package = 7C9B3A762BFDDD780067E10E /* XCRemoteSwiftPackageReference "firebase-ios-sdk" */;
			productName = "FirebaseStorageCombine-Community";
		};
		DF79A6C82C007DDC00DAD07C /* Lottie */ = {
			isa = XCSwiftPackageProductDependency;
			package = DF79A6C72C007DDC00DAD07C /* XCRemoteSwiftPackageReference "lottie-ios" */;
			productName = Lottie;
		};
		F15912932BFBFE96006BF780 /* SDWebImageSwiftUI */ = {
			isa = XCSwiftPackageProductDependency;
			package = F15912922BFBFE96006BF780 /* XCRemoteSwiftPackageReference "SDWebImageSwiftUI" */;
			productName = SDWebImageSwiftUI;
		};
/* End XCSwiftPackageProductDependency section */
	};
	rootObject = 7CFE6F612BE4D4DD009E6678 /* Project object */;
}
